
Microsoft Visual Studio Solution File, Format Version 12.00
# Visual Studio 15
VisualStudioVersion = 15.0.28010.2036
MinimumVisualStudioVersion = 10.0.40219.1
Project("{FAE04EC0-301F-11D3-BF4B-00C04F79EFBC}") = "UploadImageAPI", "UploadImageAPI\UploadImageAPI.csproj", "{A6F4BF3A-1F74-49F1-8B1F-DC822DA31B34}"
EndProject
Global
	GlobalSection(SolutionConfigurationPlatforms) = preSolution
		Debug|Any CPU = Debug|Any CPU
		Release|Any CPU = Release|Any CPU
	EndGlobalSection
	GlobalSection(ProjectConfigurationPlatforms) = postSolution
		{A6F4BF3A-1F74-49F1-8B1F-DC822DA31B34}.Debug|Any CPU.ActiveCfg = Debug|Any CPU
		{A6F4BF3A-1F74-49F1-8B1F-DC822DA31B34}.Debug|Any CPU.Build.0 = Debug|Any CPU
		{A6F4BF3A-1F74-49F1-8B1F-DC822DA31B34}.Release|Any CPU.ActiveCfg = Release|Any CPU
		{A6F4BF3A-1F74-49F1-8B1F-DC822DA31B34}.Release|Any CPU.Build.0 = Release|Any CPU
	EndGlobalSection
	GlobalSection(SolutionProperties) = preSolution
		HideSolutionNode = FALSE
	EndGlobalSection
	GlobalSection(ExtensibilityGlobals) = postSolution
		SolutionGuid = {5AE65C22-D10C-4C23-B119-AE94D314D300}
	EndGlobalSection
EndGlobal
